# This file is automatically @generated by Poetry and should not be changed by hand.

[[package]]
name = "pyglet"
version = "1.5.27"
description = "Cross-platform windowing and multimedia library"
category = "main"
optional = false
python-versions = "*"
files = [
    {file = "pyglet-1.5.27-py3-none-any.whl", hash = "sha256:7ce2eb5a299cda92fcc099f533520cdaa2f157a175d6c1442a2ae4d769284d2d"},
    {file = "pyglet-1.5.27.zip", hash = "sha256:4d00e067451f3b10fd51b69764fddab65444372a2da344ee2b35f0a8e6ebf005"},
]

[metadata]
lock-version = "2.0"
python-versions = "^3.10"
content-hash = "9b331ba0abbcb8eb8da61abc137ad3007fb6c9bedd28aaa10c7bdb9a8851a0ab"
